<?xml version="1.0" encoding="utf-8"?>
<Project ToolsVersion="4.0" xmlns="http://schemas.microsoft.com/developer/msbuild/2003">
  <ItemGroup>
    <Filter Include="Source Files">
      <UniqueIdentifier>{4FC737F1-C7A5-4376-A066-2A32D752A2FF}</UniqueIdentifier>
      <Extensions>cpp;c;cc;cxx;def;odl;idl;hpj;bat;asm;asmx</Extensions>
    </Filter>
    <Filter Include="Header Files">
      <UniqueIdentifier>{93995380-89BD-4b04-88EB-625FBE52EBFB}</UniqueIdentifier>
      <Extensions>h;hh;hpp;hxx;hm;inl;inc;ipp;xsd</Extensions>
    </Filter>
    <Filter Include="Resource Files">
      <UniqueIdentifier>{67DA6AB6-F800-4c08-8B7A-83BB121AAD01}</UniqueIdentifier>
      <Extensions>rc;ico;cur;bmp;dlg;rc2;rct;bin;rgs;gif;jpg;jpeg;jpe;resx;tiff;tif;png;wav;mfcribbon-ms</Extensions>
    </Filter>
    <Filter Include="csimplesocket">
      <UniqueIdentifier>{4dbe057b-aa01-4834-97eb-eae5ab3c58c3}</UniqueIdentifier>
    </Filter>
    <Filter Include="model">
      <UniqueIdentifier>{4f8935e4-e01b-43b7-a56b-53d3cc741169}</UniqueIdentifier>
    </Filter>
    <Filter Include="rapidjson">
      <UniqueIdentifier>{12594943-9fa5-4003-b997-ec7c35b1c20d}</UniqueIdentifier>
    </Filter>
  </ItemGroup>
  <ItemGroup>
    <ClCompile Include="MyStrategy.cpp">
      <Filter>Source Files</Filter>
    </ClCompile>
    <ClCompile Include="RemoteProcessClient.cpp">
      <Filter>Source Files</Filter>
    </ClCompile>
    <ClCompile Include="Runner.cpp">
      <Filter>Source Files</Filter>
    </ClCompile>
    <ClCompile Include="Strategy.cpp">
      <Filter>Source Files</Filter>
    </ClCompile>
    <ClCompile Include="csimplesocket\ActiveSocket.cpp">
      <Filter>csimplesocket</Filter>
    </ClCompile>
    <ClCompile Include="csimplesocket\HTTPActiveSocket.cpp">
      <Filter>csimplesocket</Filter>
    </ClCompile>
    <ClCompile Include="csimplesocket\PassiveSocket.cpp">
      <Filter>csimplesocket</Filter>
    </ClCompile>
    <ClCompile Include="csimplesocket\SimpleSocket.cpp">
      <Filter>csimplesocket</Filter>
    </ClCompile>
  </ItemGroup>
  <ItemGroup>
    <ClInclude Include="MyStrategy.h">
      <Filter>Header Files</Filter>
    </ClInclude>
    <ClInclude Include="RemoteProcessClient.h">
      <Filter>Header Files</Filter>
    </ClInclude>
    <ClInclude Include="Runner.h">
      <Filter>Header Files</Filter>
    </ClInclude>
    <ClInclude Include="Strategy.h">
      <Filter>Header Files</Filter>
    </ClInclude>
    <ClInclude Include="csimplesocket\ActiveSocket.h">
      <Filter>csimplesocket</Filter>
    </ClInclude>
    <ClInclude Include="csimplesocket\Host.h">
      <Filter>csimplesocket</Filter>
    </ClInclude>
    <ClInclude Include="csimplesocket\HTTPActiveSocket.h">
      <Filter>csimplesocket</Filter>
    </ClInclude>
    <ClInclude Include="csimplesocket\PassiveSocket.h">
      <Filter>csimplesocket</Filter>
    </ClInclude>
    <ClInclude Include="csimplesocket\SimpleSocket.h">
      <Filter>csimplesocket</Filter>
    </ClInclude>
    <ClInclude Include="csimplesocket\StatTimer.h">
      <Filter>csimplesocket</Filter>
    </ClInclude>
    <ClInclude Include="model\Action.h">
      <Filter>model</Filter>
    </ClInclude>
    <ClInclude Include="model\Arena.h">
      <Filter>model</Filter>
    </ClInclude>
    <ClInclude Include="model\Ball.h">
      <Filter>model</Filter>
    </ClInclude>
    <ClInclude Include="model\Game.h">
      <Filter>model</Filter>
    </ClInclude>
    <ClInclude Include="model\NitroPack.h">
      <Filter>model</Filter>
    </ClInclude>
    <ClInclude Include="model\Player.h">
      <Filter>model</Filter>
    </ClInclude>
    <ClInclude Include="model\Robot.h">
      <Filter>model</Filter>
    </ClInclude>
    <ClInclude Include="model\Rules.h">
      <Filter>model</Filter>
    </ClInclude>
  </ItemGroup>
</Project>